{
  "requires": true,
  "lockfileVersion": 1,
  "dependencies": {
    "lodash": {
      "version": "4.17.10",
      "resolved": "https://registry.npmjs.org/lodash/-/lodash-4.17.10.tgz",
      "integrity": "sha512-UejweD1pDoXu+AD825lWwp4ZGtSwgnpZxb3JDViD7StjQz+Nb/6l093lx4OQ0foGWNRoc19mWy7BzL+UAK2iVg=="
    },
    "ruby": {
      "version": "0.6.1",
      "resolved": "https://registry.npmjs.org/ruby/-/ruby-0.6.1.tgz",
      "integrity": "sha1-s/7leH5PnA1YFNYWaltdvPskujU=",
      "requires": {
        "lodash": "4.17.10"
      }
    }
  }
}
